
Microsoft Visual Studio Solution File, Format Version 12.00
# Visual Studio Version 17
VisualStudioVersion = 17.11.35222.181
MinimumVisualStudioVersion = 10.0.40219.1
Project("{FAE04EC0-301F-11D3-BF4B-00C04F79EFBC}") = "FitFlex", "FitFlex.csproj", "{AC5C61AF-A0DA-4253-8795-94E5AAF06EB1}"
EndProject
Global
	GlobalSection(SolutionConfigurationPlatforms) = preSolution
		Debug|Any CPU = Debug|Any CPU
		Release|Any CPU = Release|Any CPU
	EndGlobalSection
	GlobalSection(ProjectConfigurationPlatforms) = postSolution
		{AC5C61AF-A0DA-4253-8795-94E5AAF06EB1}.Debug|Any CPU.ActiveCfg = Debug|Any CPU
		{AC5C61AF-A0DA-4253-8795-94E5AAF06EB1}.Debug|Any CPU.Build.0 = Debug|Any CPU
		{AC5C61AF-A0DA-4253-8795-94E5AAF06EB1}.Release|Any CPU.ActiveCfg = Release|Any CPU
		{AC5C61AF-A0DA-4253-8795-94E5AAF06EB1}.Release|Any CPU.Build.0 = Release|Any CPU
	EndGlobalSection
	GlobalSection(SolutionProperties) = preSolution
		HideSolutionNode = FALSE
	EndGlobalSection
	GlobalSection(ExtensibilityGlobals) = postSolution
		SolutionGuid = {74628408-077B-4D28-82FF-F228EDC3EEDF}
	EndGlobalSection
EndGlobal
